<?xml version="1.0" encoding="utf-8"?>
<Project ToolsVersion="4.0" xmlns="http://schemas.microsoft.com/developer/msbuild/2003">
  <ItemGroup>
    <Filter Include="Source">
      <UniqueIdentifier>{f31a2a11-b645-44b6-9f1e-3e2aaf266d3d}</UniqueIdentifier>
    </Filter>
    <Filter Include="Source\Tensor">
      <UniqueIdentifier>{1bb259ee-fc20-4c64-a2c9-c79624e0d03d}</UniqueIdentifier>
    </Filter>
    <Filter Include="Source\Base">
      <UniqueIdentifier>{821a6b5e-2a19-476c-a812-9f4874b75897}</UniqueIdentifier>
    </Filter>
    <Filter Include="Source\Perceptor">
      <UniqueIdentifier>{8cdea11c-a7ae-4303-a364-63a334474bff}</UniqueIdentifier>
    </Filter>
    <Filter Include="Source\GUI">
      <UniqueIdentifier>{d27a45ed-c622-43d9-920c-2f125395b6f4}</UniqueIdentifier>
    </Filter>
    <Filter Include="Source\Layer">
      <UniqueIdentifier>{f25664f3-6e15-44ef-b752-b7501ad8a544}</UniqueIdentifier>
    </Filter>
  </ItemGroup>
  <ItemGroup>
    <CudaCompile Include="kernel.cu">
      <Filter>Source</Filter>
    </CudaCompile>
    <CudaCompile Include="__init__.cu">
      <Filter>Source</Filter>
    </CudaCompile>
    <CudaCompile Include="tensor.cu">
      <Filter>Source\Tensor</Filter>
    </CudaCompile>
    <CudaCompile Include="perceptor.cu">
      <Filter>Source\Perceptor</Filter>
    </CudaCompile>
  </ItemGroup>
  <ItemGroup>
    <ClCompile Include="tensor.h">
      <Filter>Source\Tensor</Filter>
    </ClCompile>
    <ClCompile Include="base.cpp">
      <Filter>Source\Base</Filter>
    </ClCompile>
    <ClCompile Include="layer.cpp">
      <Filter>Source\Layer</Filter>
    </ClCompile>
    <ClCompile Include="fullyConnectedLayer.cpp">
      <Filter>Source\Layer</Filter>
    </ClCompile>
    <ClCompile Include="convolutionLayer.cpp">
      <Filter>Source\Layer</Filter>
    </ClCompile>
    <ClCompile Include="activationLayer.cpp">
      <Filter>Source\Layer</Filter>
    </ClCompile>
    <ClCompile Include="operationLayer.cpp">
      <Filter>Source\Layer</Filter>
    </ClCompile>
    <ClCompile Include="softmaxLayer.cpp">
      <Filter>Source\Layer</Filter>
    </ClCompile>
    <ClCompile Include="batchNormalizationLayer.cpp">
      <Filter>Source\Layer</Filter>
    </ClCompile>
    <ClCompile Include="poolingLayer.cpp">
      <Filter>Source\Layer</Filter>
    </ClCompile>
  </ItemGroup>
  <ItemGroup>
    <ClInclude Include="base.h">
      <Filter>Source\Base</Filter>
    </ClInclude>
    <ClInclude Include="perceptor.h">
      <Filter>Source\Perceptor</Filter>
    </ClInclude>
    <ClInclude Include="srcMeasure.h">
      <Filter>Source\Base</Filter>
    </ClInclude>
    <ClInclude Include="layer.h">
      <Filter>Source\Layer</Filter>
    </ClInclude>
    <ClInclude Include="fullyConnectedLayer.h">
      <Filter>Source\Layer</Filter>
    </ClInclude>
    <ClInclude Include="convolutionLayer.h">
      <Filter>Source\Layer</Filter>
    </ClInclude>
    <ClInclude Include="activationLayer.h">
      <Filter>Source\Layer</Filter>
    </ClInclude>
    <ClInclude Include="operationLayer.h">
      <Filter>Source\Layer</Filter>
    </ClInclude>
    <ClInclude Include="softmaxLayer.h">
      <Filter>Source\Layer</Filter>
    </ClInclude>
    <ClInclude Include="batchNormalizationLayer.h">
      <Filter>Source\Layer</Filter>
    </ClInclude>
    <ClInclude Include="poolingLayer.h">
      <Filter>Source\Layer</Filter>
    </ClInclude>
  </ItemGroup>
</Project>